Microsoft Visual Studio Solution File, Format Version 12.00
# Visual Studio 2012
Project("{FAE04EC0-301F-11D3-BF4B-00C04F79EFBC}") = "a5-Game", "a5-Game.csproj", "{E882122A-B7FB-4BF3-B14A-4C5F02A39F5C}"
EndProject
Global
	GlobalSection(SolutionConfigurationPlatforms) = preSolution
	Debug|Any CPU = Debug|Any CPU
	ExportDebug|Any CPU = ExportDebug|Any CPU
	ExportRelease|Any CPU = ExportRelease|Any CPU
	EndGlobalSection
	GlobalSection(ProjectConfigurationPlatforms) = postSolution
		{E882122A-B7FB-4BF3-B14A-4C5F02A39F5C}.Debug|Any CPU.ActiveCfg = Debug|Any CPU
		{E882122A-B7FB-4BF3-B14A-4C5F02A39F5C}.Debug|Any CPU.Build.0 = Debug|Any CPU
		{E882122A-B7FB-4BF3-B14A-4C5F02A39F5C}.ExportDebug|Any CPU.ActiveCfg = ExportDebug|Any CPU
		{E882122A-B7FB-4BF3-B14A-4C5F02A39F5C}.ExportDebug|Any CPU.Build.0 = ExportDebug|Any CPU
		{E882122A-B7FB-4BF3-B14A-4C5F02A39F5C}.ExportRelease|Any CPU.ActiveCfg = ExportRelease|Any CPU
		{E882122A-B7FB-4BF3-B14A-4C5F02A39F5C}.ExportRelease|Any CPU.Build.0 = ExportRelease|Any CPU
	EndGlobalSection
EndGlobal
